// !$*UTF8*$!
{
	archiveVersion = 1;
	classes = {
	};
	objectVersion = 46;
	objects = {

/* Begin PBXBuildFile section */
		16A5B8E11D774136005BC376 /* collision.wav in Resources */ = {isa = PBXBuildFile; fileRef = 16A5B8E01D774136005BC376 /* collision.wav */; };
		16CE58E61D7339350009CFBF /* AppDelegate.swift in Sources */ = {isa = PBXBuildFile; fileRef = 16CE58E51D7339350009CFBF /* AppDelegate.swift */; };
		16CE58E81D7339350009CFBF /* ViewController.swift in Sources */ = {isa = PBXBuildFile; fileRef = 16CE58E71D7339350009CFBF /* ViewController.swift */; };
		16CE58EB1D7339350009CFBF /* Main.storyboard in Resources */ = {isa = PBXBuildFile; fileRef = 16CE58E91D7339350009CFBF /* Main.storyboard */; };
		16CE58ED1D7339350009CFBF /* Assets.xcassets in Resources */ = {isa = PBXBuildFile; fileRef = 16CE58EC1D7339350009CFBF /* Assets.xcassets */; };
		16CE58F01D7339350009CFBF /* LaunchScreen.storyboard in Resources */ = {isa = PBXBuildFile; fileRef = 16CE58EE1D7339350009CFBF /* LaunchScreen.storyboard */; };
/* End PBXBuildFile section */

/* Begin PBXFileReference section */
		16A5B8E01D774136005BC376 /* collision.wav */ = {isa = PBXFileReference; lastKnownFileType = audio.wav; path = collision.wav; sourceTree = "<group>"; };
		16CE58E21D7339350009CFBF /* CoinMagic.app */ = {isa = PBXFileReference; explicitFileType = wrapper.application; includeInIndex = 0; path = CoinMagic.app; sourceTree = BUILT_PRODUCTS_DIR; };
		16CE58E51D7339350009CFBF /* AppDelegate.swift */ = {isa = PBXFileReference; lastKnownFileType = sourcecode.swift; path = AppDelegate.swift; sourceTree = "<group>"; };
		16CE58E71D7339350009CFBF /* ViewController.swift */ = {isa = PBXFileReference; lastKnownFileType = sourcecode.swift; path = ViewController.swift; sourceTree = "<group>"; };
		16CE58EA1D7339350009CFBF /* Base */ = {isa = PBXFileReference; lastKnownFileType = file.storyboard; name = Base; path = Base.lproj/Main.storyboard; sourceTree = "<group>"; };
		16CE58EC1D7339350009CFBF /* Assets.xcassets */ = {isa = PBXFileReference; lastKnownFileType = folder.assetcatalog; path = Assets.xcassets; sourceTree = "<group>"; };
		16CE58EF1D7339350009CFBF /* Base */ = {isa = PBXFileReference; lastKnownFileType = file.storyboard; name = Base; path = Base.lproj/LaunchScreen.storyboard; sourceTree = "<group>"; };
		16CE58F11D7339350009CFBF /* Info.plist */ = {isa = PBXFileReference; lastKnownFileType = text.plist.xml; path = Info.plist; sourceTree = "<group>"; };
/* End PBXFileReference section */

/* Begin PBXFrameworksBuildPhase section */
		16CE58DF1D7339350009CFBF /* Frameworks */ = {
			isa = PBXFrameworksBuildPhase;
			buildActionMask = 2147483647;
			files = (
			);
			runOnlyForDeploymentPostprocessing = 0;
		};
/* End PBXFrameworksBuildPhase section */

/* Begin PBXGroup section */
		16A5B8DF1D77401C005BC376 /* Resource */ = {
			isa = PBXGroup;
			children = (
				16A5B8E01D774136005BC376 /* collision.wav */,
				16CE58EC1D7339350009CFBF /* Assets.xcassets */,
			);
			name = Resource;
			sourceTree = "<group>";
		};
		16CE58D91D7339350009CFBF = {
			isa = PBXGroup;
			children = (
				16CE58E41D7339350009CFBF /* CoinMagic */,
				16CE58E31D7339350009CFBF /* Products */,
			);
			sourceTree = "<group>";
		};
		16CE58E31D7339350009CFBF /* Products */ = {
			isa = PBXGroup;
			children = (
				16CE58E21D7339350009CFBF /* CoinMagic.app */,
			);
			name = Products;
			sourceTree = "<group>";
		};
		16CE58E41D7339350009CFBF /* CoinMagic */ = {
			isa = PBXGroup;
			children = (
				16CE58E51D7339350009CFBF /* AppDelegate.swift */,
				16CE58E71D7339350009CFBF /* ViewController.swift */,
				16CE58E91D7339350009CFBF /* Main.storyboard */,
				16CE58EE1D7339350009CFBF /* LaunchScreen.storyboard */,
				16CE58F11D7339350009CFBF /* Info.plist */,
				16A5B8DF1D77401C005BC376 /* Resource */,
			);
			path = CoinMagic;
			sourceTree = "<group>";
		};
/* End PBXGroup section */

/* Begin PBXNativeTarget section */
		16CE58E11D7339350009CFBF /* CoinMagic */ = {
			isa = PBXNativeTarget;
			buildConfigurationList = 16CE58F41D7339350009CFBF /* Build configuration list for PBXNativeTarget "CoinMagic" */;
			buildPhases = (
				16CE58DE1D7339350009CFBF /* Sources */,
				16CE58DF1D7339350009CFBF /* Frameworks */,
				16CE58E01D7339350009CFBF /* Resources */,
			);
			buildRules = (
			);
			dependencies = (
			);
			name = CoinMagic;
			productName = CoinMagic;
			productReference = 16CE58E21D7339350009CFBF /* CoinMagic.app */;
			productType = "com.apple.product-type.application";
		};
/* End PBXNativeTarget section */

/* Begin PBXProject section */
		16CE58DA1D7339350009CFBF /* Project object */ = {
			isa = PBXProject;
			attributes = {
				LastSwiftUpdateCheck = 0730;
				LastUpgradeCheck = 0730;
				ORGANIZATIONNAME = "Paul H";
				TargetAttributes = {
					16CE58E11D7339350009CFBF = {
						CreatedOnToolsVersion = 7.3.1;
					};
				};
			};
			buildConfigurationList = 16CE58DD1D7339350009CFBF /* Build configuration list for PBXProject "CoinMagic" */;
			compatibilityVersion = "Xcode 3.2";
			developmentRegion = English;
			hasScannedForEncodings = 0;
			knownRegions = (
				en,
				Base,
			);
			mainGroup = 16CE58D91D7339350009CFBF;
			productRefGroup = 16CE58E31D7339350009CFBF /* Products */;
			projectDirPath = "";
			projectRoot = "";
			targets = (
				16CE58E11D7339350009CFBF /* CoinMagic */,
			);
		};
/* End PBXProject section */

/* Begin PBXResourcesBuildPhase section */
		16CE58E01D7339350009CFBF /* Resources */ = {
			isa = PBXResourcesBuildPhase;
			buildActionMask = 2147483647;
			files = (
				16CE58F01D7339350009CFBF /* LaunchScreen.storyboard in Resources */,
				16A5B8E11D774136005BC376 /* collision.wav in Resources */,
				16CE58ED1D7339350009CFBF /* Assets.xcassets in Resources */,
				16CE58EB1D7339350009CFBF /* Main.storyboard in Resources */,
			);
			runOnlyForDeploymentPostprocessing = 0;
		};
/* End PBXResourcesBuildPhase section */

/* Begin PBXSourcesBuildPhase section */
		16CE58DE1D7339350009CFBF /* Sources */ = {
			isa = PBXSourcesBuildPhase;
			buildActionMask = 2147483647;
			files = (
				16CE58E81D7339350009CFBF /* ViewController.swift in Sources */,
				16CE58E61D7339350009CFBF /* AppDelegate.swift in Sources */,
			);
			runOnlyForDeploymentPostprocessing = 0;
		};
/* End PBXSourcesBuildPhase section */

/* Begin PBXVariantGroup section */
		16CE58E91D7339350009CFBF /* Main.storyboard */ = {
			isa = PBXVariantGroup;
			children = (
				16CE58EA1D7339350009CFBF /* Base */,
			);
			name = Main.storyboard;
			sourceTree = "<group>";
		};
		16CE58EE1D7339350009CFBF /* LaunchScreen.storyboard */ = {
			isa = PBXVariantGroup;
			children = (
				16CE58EF1D7339350009CFBF /* Base */,
			);
			name = LaunchScreen.storyboard;
			sourceTree = "<group>";
		};
/* End PBXVariantGroup section */

/* Begin XCBuildConfiguration section */
		16CE58F21D7339350009CFBF /* Debug */ = {
			isa = XCBuildConfiguration;
			buildSettings = {
				ALWAYS_SEARCH_USER_PATHS = NO;
				CLANG_ANALYZER_NONNULL = YES;
				CLANG_CXX_LANGUAGE_STANDARD = "gnu++0x";
				CLANG_CXX_LIBRARY = "libc++";
				CLANG_ENABLE_MODULES = YES;
				CLANG_ENABLE_OBJC_ARC = YES;
				CLANG_WARN_BOOL_CONVERSION = YES;
				CLANG_WARN_CONSTANT_CONVERSION = YES;
				CLANG_WARN_DIRECT_OBJC_ISA_USAGE = YES_ERROR;
				CLANG_WARN_EMPTY_BODY = YES;
				CLANG_WARN_ENUM_CONVERSION = YES;
				CLANG_WARN_INT_CONVERSION = YES;
				CLANG_WARN_OBJC_ROOT_CLASS = YES_ERROR;
				CLANG_WARN_UNREACHABLE_CODE = YES;
				CLANG_WARN__DUPLICATE_METHOD_MATCH = YES;
				"CODE_SIGN_IDENTITY[sdk=iphoneos*]" = "iPhone Developer";
				COPY_PHASE_STRIP = NO;
				DEBUG_INFORMATION_FORMAT = dwarf;
				ENABLE_STRICT_OBJC_MSGSEND = YES;
				ENABLE_TESTABILITY = YES;
				GCC_C_LANGUAGE_STANDARD = gnu99;
				GCC_DYNAMIC_NO_PIC = NO;
				GCC_NO_COMMON_BLOCKS = YES;
				GCC_OPTIMIZATION_LEVEL = 0;
				GCC_PREPROCESSOR_DEFINITIONS = (
					"DEBUG=1",
					"$(inherited)",
				);
				GCC_WARN_64_TO_32_BIT_CONVERSION = YES;
				GCC_WARN_ABOUT_RETURN_TYPE = YES_ERROR;
				GCC_WARN_UNDECLARED_SELECTOR = YES;
				GCC_WARN_UNINITIALIZED_AUTOS = YES_AGGRESSIVE;
				GCC_WARN_UNUSED_FUNCTION = YES;
				GCC_WARN_UNUSED_VARIABLE = YES;
				IPHONEOS_DEPLOYMENT_TARGET = 9.3;
				MTL_ENABLE_DEBUG_INFO = YES;
				ONLY_ACTIVE_ARCH = YES;
				SDKROOT = iphoneos;
				SWIFT_OPTIMIZATION_LEVEL = "-Onone";
				TARGETED_DEVICE_FAMILY = "1,2";
			};
			name = Debug;
		};
		16CE58F31D7339350009CFBF /* Release */ = {
			isa = XCBuildConfiguration;
			buildSettings = {
				ALWAYS_SEARCH_USER_PATHS = NO;
				CLANG_ANALYZER_NONNULL = YES;
				CLANG_CXX_LANGUAGE_STANDARD = "gnu++0x";
				CLANG_CXX_LIBRARY = "libc++";
				CLANG_ENABLE_MODULES = YES;
				CLANG_ENABLE_OBJC_ARC = YES;
				CLANG_WARN_BOOL_CONVERSION = YES;
				CLANG_WARN_CONSTANT_CONVERSION = YES;
				CLANG_WARN_DIRECT_OBJC_ISA_USAGE = YES_ERROR;
				CLANG_WARN_EMPTY_BODY = YES;
				CLANG_WARN_ENUM_CONVERSION = YES;
				CLANG_WARN_INT_CONVERSION = YES;
				CLANG_WARN_OBJC_ROOT_CLASS = YES_ERROR;
				CLANG_WARN_UNREACHABLE_CODE = YES;
				CLANG_WARN__DUPLICATE_METHOD_MATCH = YES;
				"CODE_SIGN_IDENTITY[sdk=iphoneos*]" = "iPhone Developer";
				COPY_PHASE_STRIP = NO;
				DEBUG_INFORMATION_FORMAT = "dwarf-with-dsym";
				ENABLE_NS_ASSERTIONS = NO;
				ENABLE_STRICT_OBJC_MSGSEND = YES;
				GCC_C_LANGUAGE_STANDARD = gnu99;
				GCC_NO_COMMON_BLOCKS = YES;
				GCC_WARN_64_TO_32_BIT_CONVERSION = YES;
				GCC_WARN_ABOUT_RETURN_TYPE = YES_ERROR;
				GCC_WARN_UNDECLARED_SELECTOR = YES;
				GCC_WARN_UNINITIALIZED_AUTOS = YES_AGGRESSIVE;
				GCC_WARN_UNUSED_FUNCTION = YES;
				GCC_WARN_UNUSED_VARIABLE = YES;
				IPHONEOS_DEPLOYMENT_TARGET = 9.3;
				MTL_ENABLE_DEBUG_INFO = NO;
				SDKROOT = iphoneos;
				TARGETED_DEVICE_FAMILY = "1,2";
				VALIDATE_PRODUCT = YES;
			};
			name = Release;
		};
		16CE58F51D7339350009CFBF /* Debug */ = {
			isa = XCBuildConfiguration;
			buildSettings = {
				ASSETCATALOG_COMPILER_APPICON_NAME = AppIcon;
				INFOPLIST_FILE = CoinMagic/Info.plist;
				LD_RUNPATH_SEARCH_PATHS = "$(inherited) @executable_path/Frameworks";
				PRODUCT_BUNDLE_IDENTIFIER = ca.paulhfch.CoinMagic;
				PRODUCT_NAME = "$(TARGET_NAME)";
			};
			name = Debug;
		};
		16CE58F61D7339350009CFBF /* Release */ = {
			isa = XCBuildConfiguration;
			buildSettings = {
				ASSETCATALOG_COMPILER_APPICON_NAME = AppIcon;
				INFOPLIST_FILE = CoinMagic/Info.plist;
				LD_RUNPATH_SEARCH_PATHS = "$(inherited) @executable_path/Frameworks";
				PRODUCT_BUNDLE_IDENTIFIER = ca.paulhfch.CoinMagic;
				PRODUCT_NAME = "$(TARGET_NAME)";
			};
			name = Release;
		};
/* End XCBuildConfiguration section */

/* Begin XCConfigurationList section */
		16CE58DD1D7339350009CFBF /* Build configuration list for PBXProject "CoinMagic" */ = {
			isa = XCConfigurationList;
			buildConfigurations = (
				16CE58F21D7339350009CFBF /* Debug */,
				16CE58F31D7339350009CFBF /* Release */,
			);
			defaultConfigurationIsVisible = 0;
			defaultConfigurationName = Release;
		};
		16CE58F41D7339350009CFBF /* Build configuration list for PBXNativeTarget "CoinMagic" */ = {
			isa = XCConfigurationList;
			buildConfigurations = (
				16CE58F51D7339350009CFBF /* Debug */,
				16CE58F61D7339350009CFBF /* Release */,
			);
			defaultConfigurationIsVisible = 0;
			defaultConfigurationName = Release;
		};
/* End XCConfigurationList section */
	};
	rootObject = 16CE58DA1D7339350009CFBF /* Project object */;
}
